
Microsoft Visual Studio Solution File, Format Version 12.00
# Visual Studio Version 17
VisualStudioVersion = 17.2.32616.157
MinimumVisualStudioVersion = 10.0.40219.1
Project("{FAE04EC0-301F-11D3-BF4B-00C04F79EFBC}") = "paperplease_visual", "paperplease_visual.csproj", "{50F37EE7-C8D8-45ED-820F-446DB24CC2C9}"
EndProject
Global
	GlobalSection(SolutionConfigurationPlatforms) = preSolution
		Debug|Any CPU = Debug|Any CPU
		Release|Any CPU = Release|Any CPU
	EndGlobalSection
	GlobalSection(ProjectConfigurationPlatforms) = postSolution
		{50F37EE7-C8D8-45ED-820F-446DB24CC2C9}.Debug|Any CPU.ActiveCfg = Debug|Any CPU
		{50F37EE7-C8D8-45ED-820F-446DB24CC2C9}.Debug|Any CPU.Build.0 = Debug|Any CPU
		{50F37EE7-C8D8-45ED-820F-446DB24CC2C9}.Release|Any CPU.ActiveCfg = Release|Any CPU
		{50F37EE7-C8D8-45ED-820F-446DB24CC2C9}.Release|Any CPU.Build.0 = Release|Any CPU
	EndGlobalSection
	GlobalSection(SolutionProperties) = preSolution
		HideSolutionNode = FALSE
	EndGlobalSection
	GlobalSection(ExtensibilityGlobals) = postSolution
		SolutionGuid = {A17C7F3B-FCC4-4538-85CC-41F82AD6547D}
	EndGlobalSection
EndGlobal
